// !$*UTF8*$!
{
	archiveVersion = 1;
	classes = {
	};
	objectVersion = 50;
	objects = {

/* Begin PBXBuildFile section */
		9C0FB82424D283A700D1EE6E /* AppDelegate.swift in Sources */ = {isa = PBXBuildFile; fileRef = 9C0FB82324D283A700D1EE6E /* AppDelegate.swift */; };
		9C0FB82624D283A700D1EE6E /* SceneDelegate.swift in Sources */ = {isa = PBXBuildFile; fileRef = 9C0FB82524D283A700D1EE6E /* SceneDelegate.swift */; };
		9C0FB82824D283A700D1EE6E /* ViewController.swift in Sources */ = {isa = PBXBuildFile; fileRef = 9C0FB82724D283A700D1EE6E /* ViewController.swift */; };
		9C0FB82B24D283A700D1EE6E /* Main.storyboard in Resources */ = {isa = PBXBuildFile; fileRef = 9C0FB82924D283A700D1EE6E /* Main.storyboard */; };
		9C0FB82D24D283A800D1EE6E /* Assets.xcassets in Resources */ = {isa = PBXBuildFile; fileRef = 9C0FB82C24D283A800D1EE6E /* Assets.xcassets */; };
		9C0FB83024D283A800D1EE6E /* LaunchScreen.storyboard in Resources */ = {isa = PBXBuildFile; fileRef = 9C0FB82E24D283A800D1EE6E /* LaunchScreen.storyboard */; };
		9C0FB83824D2C04100D1EE6E /* DetailViewController.swift in Sources */ = {isa = PBXBuildFile; fileRef = 9C0FB83724D2C04100D1EE6E /* DetailViewController.swift */; };
		9C0FB83A24D2C05D00D1EE6E /* AcademiesViewController.swift in Sources */ = {isa = PBXBuildFile; fileRef = 9C0FB83924D2C05D00D1EE6E /* AcademiesViewController.swift */; };
		9C0FB83C24D2C06700D1EE6E /* ChallengesViewController.swift in Sources */ = {isa = PBXBuildFile; fileRef = 9C0FB83B24D2C06700D1EE6E /* ChallengesViewController.swift */; };
		9C0FB83E24D2C07B00D1EE6E /* ProfileViewController.swift in Sources */ = {isa = PBXBuildFile; fileRef = 9C0FB83D24D2C07B00D1EE6E /* ProfileViewController.swift */; };
/* End PBXBuildFile section */

/* Begin PBXFileReference section */
		9C0FB82024D283A700D1EE6E /* Dicoding IOS.app */ = {isa = PBXFileReference; explicitFileType = wrapper.application; includeInIndex = 0; path = "Dicoding IOS.app"; sourceTree = BUILT_PRODUCTS_DIR; };
		9C0FB82324D283A700D1EE6E /* AppDelegate.swift */ = {isa = PBXFileReference; lastKnownFileType = sourcecode.swift; path = AppDelegate.swift; sourceTree = "<group>"; };
		9C0FB82524D283A700D1EE6E /* SceneDelegate.swift */ = {isa = PBXFileReference; lastKnownFileType = sourcecode.swift; path = SceneDelegate.swift; sourceTree = "<group>"; };
		9C0FB82724D283A700D1EE6E /* ViewController.swift */ = {isa = PBXFileReference; lastKnownFileType = sourcecode.swift; path = ViewController.swift; sourceTree = "<group>"; };
		9C0FB82A24D283A700D1EE6E /* Base */ = {isa = PBXFileReference; lastKnownFileType = file.storyboard; name = Base; path = Base.lproj/Main.storyboard; sourceTree = "<group>"; };
		9C0FB82C24D283A800D1EE6E /* Assets.xcassets */ = {isa = PBXFileReference; lastKnownFileType = folder.assetcatalog; path = Assets.xcassets; sourceTree = "<group>"; };
		9C0FB82F24D283A800D1EE6E /* Base */ = {isa = PBXFileReference; lastKnownFileType = file.storyboard; name = Base; path = Base.lproj/LaunchScreen.storyboard; sourceTree = "<group>"; };
		9C0FB83124D283A800D1EE6E /* Info.plist */ = {isa = PBXFileReference; lastKnownFileType = text.plist.xml; path = Info.plist; sourceTree = "<group>"; };
		9C0FB83724D2C04100D1EE6E /* DetailViewController.swift */ = {isa = PBXFileReference; lastKnownFileType = sourcecode.swift; path = DetailViewController.swift; sourceTree = "<group>"; };
		9C0FB83924D2C05D00D1EE6E /* AcademiesViewController.swift */ = {isa = PBXFileReference; lastKnownFileType = sourcecode.swift; path = AcademiesViewController.swift; sourceTree = "<group>"; };
		9C0FB83B24D2C06700D1EE6E /* ChallengesViewController.swift */ = {isa = PBXFileReference; lastKnownFileType = sourcecode.swift; path = ChallengesViewController.swift; sourceTree = "<group>"; };
		9C0FB83D24D2C07B00D1EE6E /* ProfileViewController.swift */ = {isa = PBXFileReference; lastKnownFileType = sourcecode.swift; path = ProfileViewController.swift; sourceTree = "<group>"; };
/* End PBXFileReference section */

/* Begin PBXFrameworksBuildPhase section */
		9C0FB81D24D283A700D1EE6E /* Frameworks */ = {
			isa = PBXFrameworksBuildPhase;
			buildActionMask = 2147483647;
			files = (
			);
			runOnlyForDeploymentPostprocessing = 0;
		};
/* End PBXFrameworksBuildPhase section */

/* Begin PBXGroup section */
		9C0FB81724D283A600D1EE6E = {
			isa = PBXGroup;
			children = (
				9C0FB82224D283A700D1EE6E /* Dicoding IOS */,
				9C0FB82124D283A700D1EE6E /* Products */,
			);
			sourceTree = "<group>";
		};
		9C0FB82124D283A700D1EE6E /* Products */ = {
			isa = PBXGroup;
			children = (
				9C0FB82024D283A700D1EE6E /* Dicoding IOS.app */,
			);
			name = Products;
			sourceTree = "<group>";
		};
		9C0FB82224D283A700D1EE6E /* Dicoding IOS */ = {
			isa = PBXGroup;
			children = (
				9C0FB83F24D2C08200D1EE6E /* Controller */,
				9C0FB82324D283A700D1EE6E /* AppDelegate.swift */,
				9C0FB82524D283A700D1EE6E /* SceneDelegate.swift */,
				9C0FB82924D283A700D1EE6E /* Main.storyboard */,
				9C0FB82C24D283A800D1EE6E /* Assets.xcassets */,
				9C0FB82E24D283A800D1EE6E /* LaunchScreen.storyboard */,
				9C0FB83124D283A800D1EE6E /* Info.plist */,
			);
			path = "Dicoding IOS";
			sourceTree = "<group>";
		};
		9C0FB83F24D2C08200D1EE6E /* Controller */ = {
			isa = PBXGroup;
			children = (
				9C0FB82724D283A700D1EE6E /* ViewController.swift */,
				9C0FB83724D2C04100D1EE6E /* DetailViewController.swift */,
				9C0FB83924D2C05D00D1EE6E /* AcademiesViewController.swift */,
				9C0FB83B24D2C06700D1EE6E /* ChallengesViewController.swift */,
				9C0FB83D24D2C07B00D1EE6E /* ProfileViewController.swift */,
			);
			path = Controller;
			sourceTree = "<group>";
		};
/* End PBXGroup section */

/* Begin PBXNativeTarget section */
		9C0FB81F24D283A700D1EE6E /* Dicoding IOS */ = {
			isa = PBXNativeTarget;
			buildConfigurationList = 9C0FB83424D283A800D1EE6E /* Build configuration list for PBXNativeTarget "Dicoding IOS" */;
			buildPhases = (
				9C0FB81C24D283A700D1EE6E /* Sources */,
				9C0FB81D24D283A700D1EE6E /* Frameworks */,
				9C0FB81E24D283A700D1EE6E /* Resources */,
			);
			buildRules = (
			);
			dependencies = (
			);
			name = "Dicoding IOS";
			productName = "Dicoding IOS";
			productReference = 9C0FB82024D283A700D1EE6E /* Dicoding IOS.app */;
			productType = "com.apple.product-type.application";
		};
/* End PBXNativeTarget section */

/* Begin PBXProject section */
		9C0FB81824D283A600D1EE6E /* Project object */ = {
			isa = PBXProject;
			attributes = {
				LastSwiftUpdateCheck = 1160;
				LastUpgradeCheck = 1160;
				ORGANIZATIONNAME = "Jason Dicoding IOS";
				TargetAttributes = {
					9C0FB81F24D283A700D1EE6E = {
						CreatedOnToolsVersion = 11.6;
					};
				};
			};
			buildConfigurationList = 9C0FB81B24D283A600D1EE6E /* Build configuration list for PBXProject "Dicoding IOS" */;
			compatibilityVersion = "Xcode 9.3";
			developmentRegion = en;
			hasScannedForEncodings = 0;
			knownRegions = (
				en,
				Base,
			);
			mainGroup = 9C0FB81724D283A600D1EE6E;
			productRefGroup = 9C0FB82124D283A700D1EE6E /* Products */;
			projectDirPath = "";
			projectRoot = "";
			targets = (
				9C0FB81F24D283A700D1EE6E /* Dicoding IOS */,
			);
		};
/* End PBXProject section */

/* Begin PBXResourcesBuildPhase section */
		9C0FB81E24D283A700D1EE6E /* Resources */ = {
			isa = PBXResourcesBuildPhase;
			buildActionMask = 2147483647;
			files = (
				9C0FB83024D283A800D1EE6E /* LaunchScreen.storyboard in Resources */,
				9C0FB82D24D283A800D1EE6E /* Assets.xcassets in Resources */,
				9C0FB82B24D283A700D1EE6E /* Main.storyboard in Resources */,
			);
			runOnlyForDeploymentPostprocessing = 0;
		};
/* End PBXResourcesBuildPhase section */

/* Begin PBXSourcesBuildPhase section */
		9C0FB81C24D283A700D1EE6E /* Sources */ = {
			isa = PBXSourcesBuildPhase;
			buildActionMask = 2147483647;
			files = (
				9C0FB82824D283A700D1EE6E /* ViewController.swift in Sources */,
				9C0FB82424D283A700D1EE6E /* AppDelegate.swift in Sources */,
				9C0FB83A24D2C05D00D1EE6E /* AcademiesViewController.swift in Sources */,
				9C0FB82624D283A700D1EE6E /* SceneDelegate.swift in Sources */,
				9C0FB83E24D2C07B00D1EE6E /* ProfileViewController.swift in Sources */,
				9C0FB83C24D2C06700D1EE6E /* ChallengesViewController.swift in Sources */,
				9C0FB83824D2C04100D1EE6E /* DetailViewController.swift in Sources */,
			);
			runOnlyForDeploymentPostprocessing = 0;
		};
/* End PBXSourcesBuildPhase section */

/* Begin PBXVariantGroup section */
		9C0FB82924D283A700D1EE6E /* Main.storyboard */ = {
			isa = PBXVariantGroup;
			children = (
				9C0FB82A24D283A700D1EE6E /* Base */,
			);
			name = Main.storyboard;
			sourceTree = "<group>";
		};
		9C0FB82E24D283A800D1EE6E /* LaunchScreen.storyboard */ = {
			isa = PBXVariantGroup;
			children = (
				9C0FB82F24D283A800D1EE6E /* Base */,
			);
			name = LaunchScreen.storyboard;
			sourceTree = "<group>";
		};
/* End PBXVariantGroup section */

/* Begin XCBuildConfiguration section */
		9C0FB83224D283A800D1EE6E /* Debug */ = {
			isa = XCBuildConfiguration;
			buildSettings = {
				ALWAYS_SEARCH_USER_PATHS = NO;
				CLANG_ANALYZER_NONNULL = YES;
				CLANG_ANALYZER_NUMBER_OBJECT_CONVERSION = YES_AGGRESSIVE;
				CLANG_CXX_LANGUAGE_STANDARD = "gnu++14";
				CLANG_CXX_LIBRARY = "libc++";
				CLANG_ENABLE_MODULES = YES;
				CLANG_ENABLE_OBJC_ARC = YES;
				CLANG_ENABLE_OBJC_WEAK = YES;
				CLANG_WARN_BLOCK_CAPTURE_AUTORELEASING = YES;
				CLANG_WARN_BOOL_CONVERSION = YES;
				CLANG_WARN_COMMA = YES;
				CLANG_WARN_CONSTANT_CONVERSION = YES;
				CLANG_WARN_DEPRECATED_OBJC_IMPLEMENTATIONS = YES;
				CLANG_WARN_DIRECT_OBJC_ISA_USAGE = YES_ERROR;
				CLANG_WARN_DOCUMENTATION_COMMENTS = YES;
				CLANG_WARN_EMPTY_BODY = YES;
				CLANG_WARN_ENUM_CONVERSION = YES;
				CLANG_WARN_INFINITE_RECURSION = YES;
				CLANG_WARN_INT_CONVERSION = YES;
				CLANG_WARN_NON_LITERAL_NULL_CONVERSION = YES;
				CLANG_WARN_OBJC_IMPLICIT_RETAIN_SELF = YES;
				CLANG_WARN_OBJC_LITERAL_CONVERSION = YES;
				CLANG_WARN_OBJC_ROOT_CLASS = YES_ERROR;
				CLANG_WARN_RANGE_LOOP_ANALYSIS = YES;
				CLANG_WARN_STRICT_PROTOTYPES = YES;
				CLANG_WARN_SUSPICIOUS_MOVE = YES;
				CLANG_WARN_UNGUARDED_AVAILABILITY = YES_AGGRESSIVE;
				CLANG_WARN_UNREACHABLE_CODE = YES;
				CLANG_WARN__DUPLICATE_METHOD_MATCH = YES;
				COPY_PHASE_STRIP = NO;
				DEBUG_INFORMATION_FORMAT = dwarf;
				ENABLE_STRICT_OBJC_MSGSEND = YES;
				ENABLE_TESTABILITY = YES;
				GCC_C_LANGUAGE_STANDARD = gnu11;
				GCC_DYNAMIC_NO_PIC = NO;
				GCC_NO_COMMON_BLOCKS = YES;
				GCC_OPTIMIZATION_LEVEL = 0;
				GCC_PREPROCESSOR_DEFINITIONS = (
					"DEBUG=1",
					"$(inherited)",
				);
				GCC_WARN_64_TO_32_BIT_CONVERSION = YES;
				GCC_WARN_ABOUT_RETURN_TYPE = YES_ERROR;
				GCC_WARN_UNDECLARED_SELECTOR = YES;
				GCC_WARN_UNINITIALIZED_AUTOS = YES_AGGRESSIVE;
				GCC_WARN_UNUSED_FUNCTION = YES;
				GCC_WARN_UNUSED_VARIABLE = YES;
				IPHONEOS_DEPLOYMENT_TARGET = 13.6;
				MTL_ENABLE_DEBUG_INFO = INCLUDE_SOURCE;
				MTL_FAST_MATH = YES;
				ONLY_ACTIVE_ARCH = YES;
				SDKROOT = iphoneos;
				SWIFT_ACTIVE_COMPILATION_CONDITIONS = DEBUG;
				SWIFT_OPTIMIZATION_LEVEL = "-Onone";
			};
			name = Debug;
		};
		9C0FB83324D283A800D1EE6E /* Release */ = {
			isa = XCBuildConfiguration;
			buildSettings = {
				ALWAYS_SEARCH_USER_PATHS = NO;
				CLANG_ANALYZER_NONNULL = YES;
				CLANG_ANALYZER_NUMBER_OBJECT_CONVERSION = YES_AGGRESSIVE;
				CLANG_CXX_LANGUAGE_STANDARD = "gnu++14";
				CLANG_CXX_LIBRARY = "libc++";
				CLANG_ENABLE_MODULES = YES;
				CLANG_ENABLE_OBJC_ARC = YES;
				CLANG_ENABLE_OBJC_WEAK = YES;
				CLANG_WARN_BLOCK_CAPTURE_AUTORELEASING = YES;
				CLANG_WARN_BOOL_CONVERSION = YES;
				CLANG_WARN_COMMA = YES;
				CLANG_WARN_CONSTANT_CONVERSION = YES;
				CLANG_WARN_DEPRECATED_OBJC_IMPLEMENTATIONS = YES;
				CLANG_WARN_DIRECT_OBJC_ISA_USAGE = YES_ERROR;
				CLANG_WARN_DOCUMENTATION_COMMENTS = YES;
				CLANG_WARN_EMPTY_BODY = YES;
				CLANG_WARN_ENUM_CONVERSION = YES;
				CLANG_WARN_INFINITE_RECURSION = YES;
				CLANG_WARN_INT_CONVERSION = YES;
				CLANG_WARN_NON_LITERAL_NULL_CONVERSION = YES;
				CLANG_WARN_OBJC_IMPLICIT_RETAIN_SELF = YES;
				CLANG_WARN_OBJC_LITERAL_CONVERSION = YES;
				CLANG_WARN_OBJC_ROOT_CLASS = YES_ERROR;
				CLANG_WARN_RANGE_LOOP_ANALYSIS = YES;
				CLANG_WARN_STRICT_PROTOTYPES = YES;
				CLANG_WARN_SUSPICIOUS_MOVE = YES;
				CLANG_WARN_UNGUARDED_AVAILABILITY = YES_AGGRESSIVE;
				CLANG_WARN_UNREACHABLE_CODE = YES;
				CLANG_WARN__DUPLICATE_METHOD_MATCH = YES;
				COPY_PHASE_STRIP = NO;
				DEBUG_INFORMATION_FORMAT = "dwarf-with-dsym";
				ENABLE_NS_ASSERTIONS = NO;
				ENABLE_STRICT_OBJC_MSGSEND = YES;
				GCC_C_LANGUAGE_STANDARD = gnu11;
				GCC_NO_COMMON_BLOCKS = YES;
				GCC_WARN_64_TO_32_BIT_CONVERSION = YES;
				GCC_WARN_ABOUT_RETURN_TYPE = YES_ERROR;
				GCC_WARN_UNDECLARED_SELECTOR = YES;
				GCC_WARN_UNINITIALIZED_AUTOS = YES_AGGRESSIVE;
				GCC_WARN_UNUSED_FUNCTION = YES;
				GCC_WARN_UNUSED_VARIABLE = YES;
				IPHONEOS_DEPLOYMENT_TARGET = 13.6;
				MTL_ENABLE_DEBUG_INFO = NO;
				MTL_FAST_MATH = YES;
				SDKROOT = iphoneos;
				SWIFT_COMPILATION_MODE = wholemodule;
				SWIFT_OPTIMIZATION_LEVEL = "-O";
				VALIDATE_PRODUCT = YES;
			};
			name = Release;
		};
		9C0FB83524D283A800D1EE6E /* Debug */ = {
			isa = XCBuildConfiguration;
			buildSettings = {
				ASSETCATALOG_COMPILER_APPICON_NAME = AppIcon;
				CODE_SIGN_STYLE = Automatic;
				DEVELOPMENT_TEAM = 622X57WS26;
				INFOPLIST_FILE = "Dicoding IOS/Info.plist";
				IPHONEOS_DEPLOYMENT_TARGET = 13.0;
				LD_RUNPATH_SEARCH_PATHS = (
					"$(inherited)",
					"@executable_path/Frameworks",
				);
				PRODUCT_BUNDLE_IDENTIFIER = "com.jason.Dicoding-IOS";
				PRODUCT_NAME = "$(TARGET_NAME)";
				SWIFT_VERSION = 5.0;
				TARGETED_DEVICE_FAMILY = "1,2";
			};
			name = Debug;
		};
		9C0FB83624D283A800D1EE6E /* Release */ = {
			isa = XCBuildConfiguration;
			buildSettings = {
				ASSETCATALOG_COMPILER_APPICON_NAME = AppIcon;
				CODE_SIGN_STYLE = Automatic;
				DEVELOPMENT_TEAM = 622X57WS26;
				INFOPLIST_FILE = "Dicoding IOS/Info.plist";
				IPHONEOS_DEPLOYMENT_TARGET = 13.0;
				LD_RUNPATH_SEARCH_PATHS = (
					"$(inherited)",
					"@executable_path/Frameworks",
				);
				PRODUCT_BUNDLE_IDENTIFIER = "com.jason.Dicoding-IOS";
				PRODUCT_NAME = "$(TARGET_NAME)";
				SWIFT_VERSION = 5.0;
				TARGETED_DEVICE_FAMILY = "1,2";
			};
			name = Release;
		};
/* End XCBuildConfiguration section */

/* Begin XCConfigurationList section */
		9C0FB81B24D283A600D1EE6E /* Build configuration list for PBXProject "Dicoding IOS" */ = {
			isa = XCConfigurationList;
			buildConfigurations = (
				9C0FB83224D283A800D1EE6E /* Debug */,
				9C0FB83324D283A800D1EE6E /* Release */,
			);
			defaultConfigurationIsVisible = 0;
			defaultConfigurationName = Release;
		};
		9C0FB83424D283A800D1EE6E /* Build configuration list for PBXNativeTarget "Dicoding IOS" */ = {
			isa = XCConfigurationList;
			buildConfigurations = (
				9C0FB83524D283A800D1EE6E /* Debug */,
				9C0FB83624D283A800D1EE6E /* Release */,
			);
			defaultConfigurationIsVisible = 0;
			defaultConfigurationName = Release;
		};
/* End XCConfigurationList section */
	};
	rootObject = 9C0FB81824D283A600D1EE6E /* Project object */;
}
